{
  "socketPath": "/tmp/mcp-ouo96B/mcp.sock",
  "scheme": "unix",
  "headers": {
    "Authorization": "Nonce 2ec1344e-51d4-409a-b136-7a26dcad4848"
  },
  "pid": 6331,
  "ideName": "Visual Studio Code",
  "timestamp": 1778297355736,
  "workspaceFolders": [
    "/teamspace/studios/this_studio"
  ],
  "isTrusted": true
}