{
  "socketPath": "/tmp/mcp-BwLptK/mcp.sock",
  "scheme": "unix",
  "headers": {
    "Authorization": "Nonce 4b421b86-bfa5-4dca-86ad-22b5e44fbcf0"
  },
  "pid": 47534,
  "ideName": "Visual Studio Code",
  "timestamp": 1779025108865,
  "workspaceFolders": [
    "/teamspace/studios/this_studio"
  ],
  "isTrusted": true
}