{
  "socketPath": "/tmp/mcp-DeaPGo/mcp.sock",
  "scheme": "unix",
  "headers": {
    "Authorization": "Nonce 2689aee3-13cf-4b43-a166-4efd5e6bb260"
  },
  "pid": 53929,
  "ideName": "Visual Studio Code",
  "timestamp": 1779025399443,
  "workspaceFolders": [
    "/teamspace/studios/this_studio"
  ],
  "isTrusted": true
}